# THIS IS AN AUTOGENERATED FILE. DO NOT EDIT THIS FILE DIRECTLY.
# yarn lockfile v1


sudoku-gen@^1.0.2:
  version "1.0.2"
  resolved "https://registry.yarnpkg.com/sudoku-gen/-/sudoku-gen-1.0.2.tgz#17c5f3637047751121aec31647fcfcf9b7c223d4"
  integrity sha512-zQFQNbar9qGpbteAH7CQShGoR5lk7r4KYlt0Wsvts1eVMzLb2EZUovzc7gAmoHp+HmXGYadmqCyyXoY7QVEyhA==

ws@^8.18.3:
  version "8.18.3"
  resolved "https://registry.yarnpkg.com/ws/-/ws-8.18.3.tgz#b56b88abffde62791c639170400c93dcb0c95472"
  integrity sha512-PEIGCY5tSlUt50cqyMXfCzX+oOPqN0vuGqWzbcJ2xvnkzkq46oOpz7dQaTDBdfICb4N14+GARUDw2XV2N4tvzg==
